
Microsoft Visual Studio Solution File, Format Version 12.00
# Visual Studio Version 16
VisualStudioVersion = 16.0.30406.217
MinimumVisualStudioVersion = 10.0.40219.1
Project("{8BC9CEB8-8B4A-11D0-8D11-00A0C91BC942}") = "Chip-8 Simulator", "Chip-8 Simulator\Chip-8 Simulator.vcxproj", "{5D07B7DA-FA0F-476E-AB10-8D301F894D10}"
EndProject
Project("{8BC9CEB8-8B4A-11D0-8D11-00A0C91BC942}") = "CHIP-8 Unit Tests", "CHIP-8 Unit Tests\CHIP-8 Unit Tests.vcxproj", "{ADD929F8-AF88-433E-9FA8-E6B67A1C2341}"
EndProject
Global
	GlobalSection(SolutionConfigurationPlatforms) = preSolution
		Debug|x64 = Debug|x64
		Debug|x86 = Debug|x86
		Release|x64 = Release|x64
		Release|x86 = Release|x86
	EndGlobalSection
	GlobalSection(ProjectConfigurationPlatforms) = postSolution
		{5D07B7DA-FA0F-476E-AB10-8D301F894D10}.Debug|x64.ActiveCfg = Debug|x64
		{5D07B7DA-FA0F-476E-AB10-8D301F894D10}.Debug|x64.Build.0 = Debug|x64
		{5D07B7DA-FA0F-476E-AB10-8D301F894D10}.Debug|x86.ActiveCfg = Debug|Win32
		{5D07B7DA-FA0F-476E-AB10-8D301F894D10}.Debug|x86.Build.0 = Debug|Win32
		{5D07B7DA-FA0F-476E-AB10-8D301F894D10}.Release|x64.ActiveCfg = Release|x64
		{5D07B7DA-FA0F-476E-AB10-8D301F894D10}.Release|x64.Build.0 = Release|x64
		{5D07B7DA-FA0F-476E-AB10-8D301F894D10}.Release|x86.ActiveCfg = Release|Win32
		{5D07B7DA-FA0F-476E-AB10-8D301F894D10}.Release|x86.Build.0 = Release|Win32
		{ADD929F8-AF88-433E-9FA8-E6B67A1C2341}.Debug|x64.ActiveCfg = Debug|x64
		{ADD929F8-AF88-433E-9FA8-E6B67A1C2341}.Debug|x64.Build.0 = Debug|x64
		{ADD929F8-AF88-433E-9FA8-E6B67A1C2341}.Debug|x86.ActiveCfg = Debug|Win32
		{ADD929F8-AF88-433E-9FA8-E6B67A1C2341}.Debug|x86.Build.0 = Debug|Win32
		{ADD929F8-AF88-433E-9FA8-E6B67A1C2341}.Release|x64.ActiveCfg = Release|x64
		{ADD929F8-AF88-433E-9FA8-E6B67A1C2341}.Release|x64.Build.0 = Release|x64
		{ADD929F8-AF88-433E-9FA8-E6B67A1C2341}.Release|x86.ActiveCfg = Release|Win32
		{ADD929F8-AF88-433E-9FA8-E6B67A1C2341}.Release|x86.Build.0 = Release|Win32
	EndGlobalSection
	GlobalSection(SolutionProperties) = preSolution
		HideSolutionNode = FALSE
	EndGlobalSection
	GlobalSection(ExtensibilityGlobals) = postSolution
		SolutionGuid = {10990727-ECE0-4F46-ABBE-9FEA38C90508}
	EndGlobalSection
EndGlobal
